
Microsoft Visual Studio Solution File, Format Version 12.00
# Visual Studio Version 17
VisualStudioVersion = 17.4.33205.214
MinimumVisualStudioVersion = 10.0.40219.1
Project("{FAE04EC0-301F-11D3-BF4B-00C04F79EFBC}") = "RabbitMQProject", "RabbitMQProject\RabbitMQProject.csproj", "{DE75EA47-9821-43ED-8C68-BBE7AE25C70E}"
EndProject
Project("{FAE04EC0-301F-11D3-BF4B-00C04F79EFBC}") = "RabbitMQDemo", "RabbitMQDemo\RabbitMQDemo.csproj", "{3028B837-4380-45D2-8E19-7C3331750B2F}"
EndProject
Global
	GlobalSection(SolutionConfigurationPlatforms) = preSolution
		Debug|Any CPU = Debug|Any CPU
		Release|Any CPU = Release|Any CPU
	EndGlobalSection
	GlobalSection(ProjectConfigurationPlatforms) = postSolution
		{DE75EA47-9821-43ED-8C68-BBE7AE25C70E}.Debug|Any CPU.ActiveCfg = Debug|Any CPU
		{DE75EA47-9821-43ED-8C68-BBE7AE25C70E}.Debug|Any CPU.Build.0 = Debug|Any CPU
		{DE75EA47-9821-43ED-8C68-BBE7AE25C70E}.Release|Any CPU.ActiveCfg = Release|Any CPU
		{DE75EA47-9821-43ED-8C68-BBE7AE25C70E}.Release|Any CPU.Build.0 = Release|Any CPU
		{3028B837-4380-45D2-8E19-7C3331750B2F}.Debug|Any CPU.ActiveCfg = Debug|Any CPU
		{3028B837-4380-45D2-8E19-7C3331750B2F}.Debug|Any CPU.Build.0 = Debug|Any CPU
		{3028B837-4380-45D2-8E19-7C3331750B2F}.Release|Any CPU.ActiveCfg = Release|Any CPU
		{3028B837-4380-45D2-8E19-7C3331750B2F}.Release|Any CPU.Build.0 = Release|Any CPU
	EndGlobalSection
	GlobalSection(SolutionProperties) = preSolution
		HideSolutionNode = FALSE
	EndGlobalSection
	GlobalSection(ExtensibilityGlobals) = postSolution
		SolutionGuid = {9A42DAE1-A629-4F3D-B9DB-4C7875B498DA}
	EndGlobalSection
EndGlobal
